
Microsoft Visual Studio Solution File, Format Version 12.00
# Visual Studio 15
VisualStudioVersion = 15.0.28010.2016
MinimumVisualStudioVersion = 10.0.40219.1
Project("{FAE04EC0-301F-11D3-BF4B-00C04F79EFBC}") = "SalesMatrix", "SalesMatrix\SalesMatrix.csproj", "{B39061FC-7258-4769-B249-6490DF1952F3}"
	ProjectSection(ProjectDependencies) = postProject
		{4442ACCF-AFBF-4971-9EEE-9FA96040C782} = {4442ACCF-AFBF-4971-9EEE-9FA96040C782}
	EndProjectSection
EndProject
Project("{FAE04EC0-301F-11D3-BF4B-00C04F79EFBC}") = "SalesMatrix.WebAPI", "SalesMatrix.WebAPI\SalesMatrix.WebAPI.csproj", "{4442ACCF-AFBF-4971-9EEE-9FA96040C782}"
EndProject
Project("{FAE04EC0-301F-11D3-BF4B-00C04F79EFBC}") = "SalesMatrix.Service", "SalesMatrix.Service\SalesMatrix.Service.csproj", "{02564A17-DC7D-421F-B954-4DD155E5A279}"
EndProject
Project("{FAE04EC0-301F-11D3-BF4B-00C04F79EFBC}") = "SalesMatrix.Entity", "SalesMatrix.Entity\SalesMatrix.Entity.csproj", "{BB6DDFFE-50A5-4382-94B3-CEBEF740B607}"
EndProject
Global
	GlobalSection(SolutionConfigurationPlatforms) = preSolution
		Debug|Any CPU = Debug|Any CPU
		Release|Any CPU = Release|Any CPU
	EndGlobalSection
	GlobalSection(ProjectConfigurationPlatforms) = postSolution
		{B39061FC-7258-4769-B249-6490DF1952F3}.Debug|Any CPU.ActiveCfg = Debug|Any CPU
		{B39061FC-7258-4769-B249-6490DF1952F3}.Debug|Any CPU.Build.0 = Debug|Any CPU
		{B39061FC-7258-4769-B249-6490DF1952F3}.Release|Any CPU.ActiveCfg = Release|Any CPU
		{B39061FC-7258-4769-B249-6490DF1952F3}.Release|Any CPU.Build.0 = Release|Any CPU
		{4442ACCF-AFBF-4971-9EEE-9FA96040C782}.Debug|Any CPU.ActiveCfg = Debug|Any CPU
		{4442ACCF-AFBF-4971-9EEE-9FA96040C782}.Debug|Any CPU.Build.0 = Debug|Any CPU
		{4442ACCF-AFBF-4971-9EEE-9FA96040C782}.Release|Any CPU.ActiveCfg = Release|Any CPU
		{4442ACCF-AFBF-4971-9EEE-9FA96040C782}.Release|Any CPU.Build.0 = Release|Any CPU
		{02564A17-DC7D-421F-B954-4DD155E5A279}.Debug|Any CPU.ActiveCfg = Debug|Any CPU
		{02564A17-DC7D-421F-B954-4DD155E5A279}.Debug|Any CPU.Build.0 = Debug|Any CPU
		{02564A17-DC7D-421F-B954-4DD155E5A279}.Release|Any CPU.ActiveCfg = Release|Any CPU
		{02564A17-DC7D-421F-B954-4DD155E5A279}.Release|Any CPU.Build.0 = Release|Any CPU
		{BB6DDFFE-50A5-4382-94B3-CEBEF740B607}.Debug|Any CPU.ActiveCfg = Debug|Any CPU
		{BB6DDFFE-50A5-4382-94B3-CEBEF740B607}.Debug|Any CPU.Build.0 = Debug|Any CPU
		{BB6DDFFE-50A5-4382-94B3-CEBEF740B607}.Release|Any CPU.ActiveCfg = Release|Any CPU
		{BB6DDFFE-50A5-4382-94B3-CEBEF740B607}.Release|Any CPU.Build.0 = Release|Any CPU
	EndGlobalSection
	GlobalSection(SolutionProperties) = preSolution
		HideSolutionNode = FALSE
	EndGlobalSection
	GlobalSection(ExtensibilityGlobals) = postSolution
		SolutionGuid = {04D11930-1EEA-4466-8A8B-0CB2ACF2D47B}
	EndGlobalSection
	GlobalSection(TeamFoundationVersionControl) = preSolution
		SccNumberOfProjects = 5
		SccEnterpriseProvider = {4CA58AB2-18FA-4F8D-95D4-32DDF27D184C}
		SccTeamFoundationServer = https://dev.azure.com/appsingfun
		SccLocalPath0 = .
		SccProjectUniqueName1 = SalesMatrix.Service\\SalesMatrix.Service.csproj
		SccProjectName1 = SalesMatrix.Service
		SccLocalPath1 = SalesMatrix.Service
		SccProjectUniqueName2 = SalesMatrix.WebAPI\\SalesMatrix.WebAPI.csproj
		SccProjectName2 = SalesMatrix.WebAPI
		SccLocalPath2 = SalesMatrix.WebAPI
		SccProjectUniqueName3 = SalesMatrix\\SalesMatrix.csproj
		SccProjectName3 = SalesMatrix
		SccLocalPath3 = SalesMatrix
		SccProjectUniqueName4 = SalesMatrix.Entity\\SalesMatrix.Entity.csproj
		SccProjectName4 = SalesMatrix.Entity
		SccLocalPath4 = SalesMatrix.Entity
	EndGlobalSection
EndGlobal
